// !$*UTF8*$!
{
	archiveVersion = 1;
	classes = {
	};
	objectVersion = 46;
	objects = {

/* Begin PBXBuildFile section */
		3A3696A895E8E00C5AAE4D27 /* Pods.framework in Frameworks */ = {isa = PBXBuildFile; fileRef = B698B6BA5F70BBE1DB232E52 /* Pods.framework */; };
		A1338A3D1C34C45200CE23AF /* LegalViewController.swift in Sources */ = {isa = PBXBuildFile; fileRef = A1338A3C1C34C45200CE23AF /* LegalViewController.swift */; };
		A14F8F191C3A055A0077646A /* Tips.storyboard in Resources */ = {isa = PBXBuildFile; fileRef = A14F8F181C3A055A0077646A /* Tips.storyboard */; };
		A14F8F1B1C3A05970077646A /* Legal.storyboard in Resources */ = {isa = PBXBuildFile; fileRef = A14F8F1A1C3A05970077646A /* Legal.storyboard */; };
		A14F8F1D1C3A05B30077646A /* Your Trips.storyboard in Resources */ = {isa = PBXBuildFile; fileRef = A14F8F1C1C3A05B30077646A /* Your Trips.storyboard */; };
		A14F8F1F1C3A05E80077646A /* Trip Summary.storyboard in Resources */ = {isa = PBXBuildFile; fileRef = A14F8F1E1C3A05E80077646A /* Trip Summary.storyboard */; };
		A1571A761C2B359200922698 /* AppDelegate.swift in Sources */ = {isa = PBXBuildFile; fileRef = A1571A751C2B359200922698 /* AppDelegate.swift */; };
		A1571A781C2B359200922698 /* ViewController.swift in Sources */ = {isa = PBXBuildFile; fileRef = A1571A771C2B359200922698 /* ViewController.swift */; };
		A1571A7D1C2B359300922698 /* Assets.xcassets in Resources */ = {isa = PBXBuildFile; fileRef = A1571A7C1C2B359300922698 /* Assets.xcassets */; };
		A1571A801C2B359300922698 /* LaunchScreen.storyboard in Resources */ = {isa = PBXBuildFile; fileRef = A1571A7E1C2B359300922698 /* LaunchScreen.storyboard */; };
		A1571A881C2B3AF300922698 /* CoreLocation.framework in Frameworks */ = {isa = PBXBuildFile; fileRef = A1571A871C2B3AF300922698 /* CoreLocation.framework */; };
		A1A283DA1C2C6097005DBC41 /* TripsTableViewController.swift in Sources */ = {isa = PBXBuildFile; fileRef = A1A283D91C2C6097005DBC41 /* TripsTableViewController.swift */; };
		A1CD13181C2B6BD100AF2804 /* Main.storyboard in Resources */ = {isa = PBXBuildFile; fileRef = A1CD13171C2B6BD100AF2804 /* Main.storyboard */; };
		A1CD131A1C2B72C800AF2804 /* TripSummaryTableViewController.swift in Sources */ = {isa = PBXBuildFile; fileRef = A1CD13191C2B72C800AF2804 /* TripSummaryTableViewController.swift */; };
		A1E849801C2C9C1C00D37E7C /* Trip.swift in Sources */ = {isa = PBXBuildFile; fileRef = A1E8497F1C2C9C1C00D37E7C /* Trip.swift */; };
		A1E849821C2F153F00D37E7C /* TipsViewController.swift in Sources */ = {isa = PBXBuildFile; fileRef = A1E849811C2F153F00D37E7C /* TipsViewController.swift */; };
		A1E849861C2F886D00D37E7C /* SpeedLimitFinder.swift in Sources */ = {isa = PBXBuildFile; fileRef = A1E849851C2F886D00D37E7C /* SpeedLimitFinder.swift */; };
		A1E849881C2F98B500D37E7C /* AudioToolbox.framework in Frameworks */ = {isa = PBXBuildFile; fileRef = A1E849871C2F98B500D37E7C /* AudioToolbox.framework */; };
/* End PBXBuildFile section */

/* Begin PBXFileReference section */
		067EC4313145E732104B0CD0 /* Pods.release.xcconfig */ = {isa = PBXFileReference; includeInIndex = 1; lastKnownFileType = text.xcconfig; name = Pods.release.xcconfig; path = "Pods/Target Support Files/Pods/Pods.release.xcconfig"; sourceTree = "<group>"; };
		A1338A3C1C34C45200CE23AF /* LegalViewController.swift */ = {isa = PBXFileReference; fileEncoding = 4; lastKnownFileType = sourcecode.swift; path = LegalViewController.swift; sourceTree = "<group>"; };
		A14F8F181C3A055A0077646A /* Tips.storyboard */ = {isa = PBXFileReference; fileEncoding = 4; lastKnownFileType = file.storyboard; path = Tips.storyboard; sourceTree = "<group>"; };
		A14F8F1A1C3A05970077646A /* Legal.storyboard */ = {isa = PBXFileReference; fileEncoding = 4; lastKnownFileType = file.storyboard; path = Legal.storyboard; sourceTree = "<group>"; };
		A14F8F1C1C3A05B30077646A /* Your Trips.storyboard */ = {isa = PBXFileReference; fileEncoding = 4; lastKnownFileType = file.storyboard; path = "Your Trips.storyboard"; sourceTree = "<group>"; };
		A14F8F1E1C3A05E80077646A /* Trip Summary.storyboard */ = {isa = PBXFileReference; fileEncoding = 4; lastKnownFileType = file.storyboard; path = "Trip Summary.storyboard"; sourceTree = "<group>"; };
		A1571A721C2B359200922698 /* DriveSafe.app */ = {isa = PBXFileReference; explicitFileType = wrapper.application; includeInIndex = 0; path = DriveSafe.app; sourceTree = BUILT_PRODUCTS_DIR; };
		A1571A751C2B359200922698 /* AppDelegate.swift */ = {isa = PBXFileReference; lastKnownFileType = sourcecode.swift; path = AppDelegate.swift; sourceTree = "<group>"; };
		A1571A771C2B359200922698 /* ViewController.swift */ = {isa = PBXFileReference; lastKnownFileType = sourcecode.swift; path = ViewController.swift; sourceTree = "<group>"; };
		A1571A7C1C2B359300922698 /* Assets.xcassets */ = {isa = PBXFileReference; lastKnownFileType = folder.assetcatalog; path = Assets.xcassets; sourceTree = "<group>"; };
		A1571A7F1C2B359300922698 /* Base */ = {isa = PBXFileReference; lastKnownFileType = file.storyboard; name = Base; path = Base.lproj/LaunchScreen.storyboard; sourceTree = "<group>"; };
		A1571A811C2B359300922698 /* Info.plist */ = {isa = PBXFileReference; lastKnownFileType = text.plist.xml; path = Info.plist; sourceTree = "<group>"; };
		A1571A871C2B3AF300922698 /* CoreLocation.framework */ = {isa = PBXFileReference; lastKnownFileType = wrapper.framework; name = CoreLocation.framework; path = System/Library/Frameworks/CoreLocation.framework; sourceTree = SDKROOT; };
		A1A283D91C2C6097005DBC41 /* TripsTableViewController.swift */ = {isa = PBXFileReference; fileEncoding = 4; lastKnownFileType = sourcecode.swift; path = TripsTableViewController.swift; sourceTree = "<group>"; };
		A1CD13171C2B6BD100AF2804 /* Main.storyboard */ = {isa = PBXFileReference; fileEncoding = 4; lastKnownFileType = file.storyboard; path = Main.storyboard; sourceTree = "<group>"; };
		A1CD13191C2B72C800AF2804 /* TripSummaryTableViewController.swift */ = {isa = PBXFileReference; fileEncoding = 4; lastKnownFileType = sourcecode.swift; path = TripSummaryTableViewController.swift; sourceTree = "<group>"; };
		A1E8497F1C2C9C1C00D37E7C /* Trip.swift */ = {isa = PBXFileReference; fileEncoding = 4; lastKnownFileType = sourcecode.swift; path = Trip.swift; sourceTree = "<group>"; };
		A1E849811C2F153F00D37E7C /* TipsViewController.swift */ = {isa = PBXFileReference; fileEncoding = 4; lastKnownFileType = sourcecode.swift; path = TipsViewController.swift; sourceTree = "<group>"; };
		A1E849851C2F886D00D37E7C /* SpeedLimitFinder.swift */ = {isa = PBXFileReference; fileEncoding = 4; lastKnownFileType = sourcecode.swift; path = SpeedLimitFinder.swift; sourceTree = "<group>"; };
		A1E849871C2F98B500D37E7C /* AudioToolbox.framework */ = {isa = PBXFileReference; lastKnownFileType = wrapper.framework; name = AudioToolbox.framework; path = System/Library/Frameworks/AudioToolbox.framework; sourceTree = SDKROOT; };
		B38EF844DD2A50C1329A1709 /* Pods.debug.xcconfig */ = {isa = PBXFileReference; includeInIndex = 1; lastKnownFileType = text.xcconfig; name = Pods.debug.xcconfig; path = "Pods/Target Support Files/Pods/Pods.debug.xcconfig"; sourceTree = "<group>"; };
		B698B6BA5F70BBE1DB232E52 /* Pods.framework */ = {isa = PBXFileReference; explicitFileType = wrapper.framework; includeInIndex = 0; path = Pods.framework; sourceTree = BUILT_PRODUCTS_DIR; };
/* End PBXFileReference section */

/* Begin PBXFrameworksBuildPhase section */
		A1571A6F1C2B359200922698 /* Frameworks */ = {
			isa = PBXFrameworksBuildPhase;
			buildActionMask = 2147483647;
			files = (
				A1E849881C2F98B500D37E7C /* AudioToolbox.framework in Frameworks */,
				A1571A881C2B3AF300922698 /* CoreLocation.framework in Frameworks */,
				3A3696A895E8E00C5AAE4D27 /* Pods.framework in Frameworks */,
			);
			runOnlyForDeploymentPostprocessing = 0;
		};
/* End PBXFrameworksBuildPhase section */

/* Begin PBXGroup section */
		517B025DC85A34BD1CAE0C3D /* Pods */ = {
			isa = PBXGroup;
			children = (
				B38EF844DD2A50C1329A1709 /* Pods.debug.xcconfig */,
				067EC4313145E732104B0CD0 /* Pods.release.xcconfig */,
			);
			name = Pods;
			sourceTree = "<group>";
		};
		575A4BF7FBDE6680D5C04DAF /* Frameworks */ = {
			isa = PBXGroup;
			children = (
				A1571A871C2B3AF300922698 /* CoreLocation.framework */,
				A1E849871C2F98B500D37E7C /* AudioToolbox.framework */,
				B698B6BA5F70BBE1DB232E52 /* Pods.framework */,
			);
			name = Frameworks;
			sourceTree = "<group>";
		};
		A14F8F201C3A05F20077646A /* Storyboards */ = {
			isa = PBXGroup;
			children = (
				A1CD13171C2B6BD100AF2804 /* Main.storyboard */,
				A14F8F1E1C3A05E80077646A /* Trip Summary.storyboard */,
				A14F8F1C1C3A05B30077646A /* Your Trips.storyboard */,
				A14F8F1A1C3A05970077646A /* Legal.storyboard */,
				A14F8F181C3A055A0077646A /* Tips.storyboard */,
			);
			name = Storyboards;
			sourceTree = "<group>";
		};
		A1571A691C2B359200922698 = {
			isa = PBXGroup;
			children = (
				A1571A741C2B359200922698 /* DriveSafe */,
				A1571A731C2B359200922698 /* Products */,
				517B025DC85A34BD1CAE0C3D /* Pods */,
				575A4BF7FBDE6680D5C04DAF /* Frameworks */,
			);
			sourceTree = "<group>";
		};
		A1571A731C2B359200922698 /* Products */ = {
			isa = PBXGroup;
			children = (
				A1571A721C2B359200922698 /* DriveSafe.app */,
			);
			name = Products;
			sourceTree = "<group>";
		};
		A1571A741C2B359200922698 /* DriveSafe */ = {
			isa = PBXGroup;
			children = (
				A1E849851C2F886D00D37E7C /* SpeedLimitFinder.swift */,
				A1571A751C2B359200922698 /* AppDelegate.swift */,
				A14F8F201C3A05F20077646A /* Storyboards */,
				A1E849811C2F153F00D37E7C /* TipsViewController.swift */,
				A1E8497F1C2C9C1C00D37E7C /* Trip.swift */,
				A1A283D91C2C6097005DBC41 /* TripsTableViewController.swift */,
				A1CD13191C2B72C800AF2804 /* TripSummaryTableViewController.swift */,
				A1571A771C2B359200922698 /* ViewController.swift */,
				A1338A3C1C34C45200CE23AF /* LegalViewController.swift */,
				A1571A7C1C2B359300922698 /* Assets.xcassets */,
				A1571A7E1C2B359300922698 /* LaunchScreen.storyboard */,
				A1571A811C2B359300922698 /* Info.plist */,
			);
			name = DriveSafe;
			path = Drive;
			sourceTree = "<group>";
		};
/* End PBXGroup section */

/* Begin PBXNativeTarget section */
		A1571A711C2B359200922698 /* DriveSafe */ = {
			isa = PBXNativeTarget;
			buildConfigurationList = A1571A841C2B359300922698 /* Build configuration list for PBXNativeTarget "DriveSafe" */;
			buildPhases = (
				614C9A79FE4D07C58B9EDCC4 /* Check Pods Manifest.lock */,
				A1571A6E1C2B359200922698 /* Sources */,
				A1571A6F1C2B359200922698 /* Frameworks */,
				A1571A701C2B359200922698 /* Resources */,
				FB5AE329AE31C9FF8663DC24 /* Embed Pods Frameworks */,
				DC370FDEF74FDD25D431BB98 /* Copy Pods Resources */,
			);
			buildRules = (
			);
			dependencies = (
			);
			name = DriveSafe;
			productName = Drive;
			productReference = A1571A721C2B359200922698 /* DriveSafe.app */;
			productType = "com.apple.product-type.application";
		};
/* End PBXNativeTarget section */

/* Begin PBXProject section */
		A1571A6A1C2B359200922698 /* Project object */ = {
			isa = PBXProject;
			attributes = {
				LastSwiftUpdateCheck = 0720;
				LastUpgradeCheck = 0720;
				ORGANIZATIONNAME = Andrew;
				TargetAttributes = {
					A1571A711C2B359200922698 = {
						CreatedOnToolsVersion = 7.2;
						SystemCapabilities = {
							com.apple.BackgroundModes = {
								enabled = 1;
							};
						};
					};
				};
			};
			buildConfigurationList = A1571A6D1C2B359200922698 /* Build configuration list for PBXProject "DriveSafe" */;
			compatibilityVersion = "Xcode 3.2";
			developmentRegion = English;
			hasScannedForEncodings = 0;
			knownRegions = (
				en,
				Base,
			);
			mainGroup = A1571A691C2B359200922698;
			productRefGroup = A1571A731C2B359200922698 /* Products */;
			projectDirPath = "";
			projectRoot = "";
			targets = (
				A1571A711C2B359200922698 /* DriveSafe */,
			);
		};
/* End PBXProject section */

/* Begin PBXResourcesBuildPhase section */
		A1571A701C2B359200922698 /* Resources */ = {
			isa = PBXResourcesBuildPhase;
			buildActionMask = 2147483647;
			files = (
				A1CD13181C2B6BD100AF2804 /* Main.storyboard in Resources */,
				A1571A801C2B359300922698 /* LaunchScreen.storyboard in Resources */,
				A14F8F1B1C3A05970077646A /* Legal.storyboard in Resources */,
				A14F8F191C3A055A0077646A /* Tips.storyboard in Resources */,
				A1571A7D1C2B359300922698 /* Assets.xcassets in Resources */,
				A14F8F1D1C3A05B30077646A /* Your Trips.storyboard in Resources */,
				A14F8F1F1C3A05E80077646A /* Trip Summary.storyboard in Resources */,
			);
			runOnlyForDeploymentPostprocessing = 0;
		};
/* End PBXResourcesBuildPhase section */

/* Begin PBXShellScriptBuildPhase section */
		614C9A79FE4D07C58B9EDCC4 /* Check Pods Manifest.lock */ = {
			isa = PBXShellScriptBuildPhase;
			buildActionMask = 2147483647;
			files = (
			);
			inputPaths = (
			);
			name = "Check Pods Manifest.lock";
			outputPaths = (
			);
			runOnlyForDeploymentPostprocessing = 0;
			shellPath = /bin/sh;
			shellScript = "diff \"${PODS_ROOT}/../Podfile.lock\" \"${PODS_ROOT}/Manifest.lock\" > /dev/null\nif [[ $? != 0 ]] ; then\n    cat << EOM\nerror: The sandbox is not in sync with the Podfile.lock. Run 'pod install' or update your CocoaPods installation.\nEOM\n    exit 1\nfi\n";
			showEnvVarsInLog = 0;
		};
		DC370FDEF74FDD25D431BB98 /* Copy Pods Resources */ = {
			isa = PBXShellScriptBuildPhase;
			buildActionMask = 2147483647;
			files = (
			);
			inputPaths = (
			);
			name = "Copy Pods Resources";
			outputPaths = (
			);
			runOnlyForDeploymentPostprocessing = 0;
			shellPath = /bin/sh;
			shellScript = "\"${SRCROOT}/Pods/Target Support Files/Pods/Pods-resources.sh\"\n";
			showEnvVarsInLog = 0;
		};
		FB5AE329AE31C9FF8663DC24 /* Embed Pods Frameworks */ = {
			isa = PBXShellScriptBuildPhase;
			buildActionMask = 2147483647;
			files = (
			);
			inputPaths = (
			);
			name = "Embed Pods Frameworks";
			outputPaths = (
			);
			runOnlyForDeploymentPostprocessing = 0;
			shellPath = /bin/sh;
			shellScript = "\"${SRCROOT}/Pods/Target Support Files/Pods/Pods-frameworks.sh\"\n";
			showEnvVarsInLog = 0;
		};
/* End PBXShellScriptBuildPhase section */

/* Begin PBXSourcesBuildPhase section */
		A1571A6E1C2B359200922698 /* Sources */ = {
			isa = PBXSourcesBuildPhase;
			buildActionMask = 2147483647;
			files = (
				A1338A3D1C34C45200CE23AF /* LegalViewController.swift in Sources */,
				A1E849801C2C9C1C00D37E7C /* Trip.swift in Sources */,
				A1E849861C2F886D00D37E7C /* SpeedLimitFinder.swift in Sources */,
				A1571A781C2B359200922698 /* ViewController.swift in Sources */,
				A1E849821C2F153F00D37E7C /* TipsViewController.swift in Sources */,
				A1571A761C2B359200922698 /* AppDelegate.swift in Sources */,
				A1A283DA1C2C6097005DBC41 /* TripsTableViewController.swift in Sources */,
				A1CD131A1C2B72C800AF2804 /* TripSummaryTableViewController.swift in Sources */,
			);
			runOnlyForDeploymentPostprocessing = 0;
		};
/* End PBXSourcesBuildPhase section */

/* Begin PBXVariantGroup section */
		A1571A7E1C2B359300922698 /* LaunchScreen.storyboard */ = {
			isa = PBXVariantGroup;
			children = (
				A1571A7F1C2B359300922698 /* Base */,
			);
			name = LaunchScreen.storyboard;
			sourceTree = "<group>";
		};
/* End PBXVariantGroup section */

/* Begin XCBuildConfiguration section */
		A1571A821C2B359300922698 /* Debug */ = {
			isa = XCBuildConfiguration;
			buildSettings = {
				ALWAYS_SEARCH_USER_PATHS = NO;
				CLANG_CXX_LANGUAGE_STANDARD = "gnu++0x";
				CLANG_CXX_LIBRARY = "libc++";
				CLANG_ENABLE_MODULES = YES;
				CLANG_ENABLE_OBJC_ARC = YES;
				CLANG_WARN_BOOL_CONVERSION = YES;
				CLANG_WARN_CONSTANT_CONVERSION = YES;
				CLANG_WARN_DIRECT_OBJC_ISA_USAGE = YES_ERROR;
				CLANG_WARN_EMPTY_BODY = YES;
				CLANG_WARN_ENUM_CONVERSION = YES;
				CLANG_WARN_INT_CONVERSION = YES;
				CLANG_WARN_OBJC_ROOT_CLASS = YES_ERROR;
				CLANG_WARN_UNREACHABLE_CODE = YES;
				CLANG_WARN__DUPLICATE_METHOD_MATCH = YES;
				"CODE_SIGN_IDENTITY[sdk=iphoneos*]" = "iPhone Developer";
				COPY_PHASE_STRIP = NO;
				DEBUG_INFORMATION_FORMAT = dwarf;
				ENABLE_STRICT_OBJC_MSGSEND = YES;
				ENABLE_TESTABILITY = YES;
				GCC_C_LANGUAGE_STANDARD = gnu99;
				GCC_DYNAMIC_NO_PIC = NO;
				GCC_NO_COMMON_BLOCKS = YES;
				GCC_OPTIMIZATION_LEVEL = 0;
				GCC_PREPROCESSOR_DEFINITIONS = (
					"DEBUG=1",
					"$(inherited)",
				);
				GCC_WARN_64_TO_32_BIT_CONVERSION = YES;
				GCC_WARN_ABOUT_RETURN_TYPE = YES_ERROR;
				GCC_WARN_UNDECLARED_SELECTOR = YES;
				GCC_WARN_UNINITIALIZED_AUTOS = YES_AGGRESSIVE;
				GCC_WARN_UNUSED_FUNCTION = YES;
				GCC_WARN_UNUSED_VARIABLE = YES;
				IPHONEOS_DEPLOYMENT_TARGET = 9.2;
				MTL_ENABLE_DEBUG_INFO = YES;
				ONLY_ACTIVE_ARCH = YES;
				SDKROOT = iphoneos;
				SWIFT_OPTIMIZATION_LEVEL = "-Onone";
			};
			name = Debug;
		};
		A1571A831C2B359300922698 /* Release */ = {
			isa = XCBuildConfiguration;
			buildSettings = {
				ALWAYS_SEARCH_USER_PATHS = NO;
				CLANG_CXX_LANGUAGE_STANDARD = "gnu++0x";
				CLANG_CXX_LIBRARY = "libc++";
				CLANG_ENABLE_MODULES = YES;
				CLANG_ENABLE_OBJC_ARC = YES;
				CLANG_WARN_BOOL_CONVERSION = YES;
				CLANG_WARN_CONSTANT_CONVERSION = YES;
				CLANG_WARN_DIRECT_OBJC_ISA_USAGE = YES_ERROR;
				CLANG_WARN_EMPTY_BODY = YES;
				CLANG_WARN_ENUM_CONVERSION = YES;
				CLANG_WARN_INT_CONVERSION = YES;
				CLANG_WARN_OBJC_ROOT_CLASS = YES_ERROR;
				CLANG_WARN_UNREACHABLE_CODE = YES;
				CLANG_WARN__DUPLICATE_METHOD_MATCH = YES;
				"CODE_SIGN_IDENTITY[sdk=iphoneos*]" = "iPhone Developer";
				COPY_PHASE_STRIP = NO;
				DEBUG_INFORMATION_FORMAT = "dwarf-with-dsym";
				ENABLE_NS_ASSERTIONS = NO;
				ENABLE_STRICT_OBJC_MSGSEND = YES;
				GCC_C_LANGUAGE_STANDARD = gnu99;
				GCC_NO_COMMON_BLOCKS = YES;
				GCC_WARN_64_TO_32_BIT_CONVERSION = YES;
				GCC_WARN_ABOUT_RETURN_TYPE = YES_ERROR;
				GCC_WARN_UNDECLARED_SELECTOR = YES;
				GCC_WARN_UNINITIALIZED_AUTOS = YES_AGGRESSIVE;
				GCC_WARN_UNUSED_FUNCTION = YES;
				GCC_WARN_UNUSED_VARIABLE = YES;
				IPHONEOS_DEPLOYMENT_TARGET = 9.2;
				MTL_ENABLE_DEBUG_INFO = NO;
				SDKROOT = iphoneos;
				VALIDATE_PRODUCT = YES;
			};
			name = Release;
		};
		A1571A851C2B359300922698 /* Debug */ = {
			isa = XCBuildConfiguration;
			baseConfigurationReference = B38EF844DD2A50C1329A1709 /* Pods.debug.xcconfig */;
			buildSettings = {
				ASSETCATALOG_COMPILER_APPICON_NAME = AppIcon;
				INFOPLIST_FILE = Drive/Info.plist;
				LD_RUNPATH_SEARCH_PATHS = "$(inherited) @executable_path/Frameworks";
				PRODUCT_BUNDLE_IDENTIFIER = com.andrew.ke.DriveSafe;
				PRODUCT_NAME = DriveSafe;
			};
			name = Debug;
		};
		A1571A861C2B359300922698 /* Release */ = {
			isa = XCBuildConfiguration;
			baseConfigurationReference = 067EC4313145E732104B0CD0 /* Pods.release.xcconfig */;
			buildSettings = {
				ASSETCATALOG_COMPILER_APPICON_NAME = AppIcon;
				INFOPLIST_FILE = Drive/Info.plist;
				LD_RUNPATH_SEARCH_PATHS = "$(inherited) @executable_path/Frameworks";
				PRODUCT_BUNDLE_IDENTIFIER = com.andrew.ke.DriveSafe;
				PRODUCT_NAME = DriveSafe;
			};
			name = Release;
		};
/* End XCBuildConfiguration section */

/* Begin XCConfigurationList section */
		A1571A6D1C2B359200922698 /* Build configuration list for PBXProject "DriveSafe" */ = {
			isa = XCConfigurationList;
			buildConfigurations = (
				A1571A821C2B359300922698 /* Debug */,
				A1571A831C2B359300922698 /* Release */,
			);
			defaultConfigurationIsVisible = 0;
			defaultConfigurationName = Release;
		};
		A1571A841C2B359300922698 /* Build configuration list for PBXNativeTarget "DriveSafe" */ = {
			isa = XCConfigurationList;
			buildConfigurations = (
				A1571A851C2B359300922698 /* Debug */,
				A1571A861C2B359300922698 /* Release */,
			);
			defaultConfigurationIsVisible = 0;
			defaultConfigurationName = Release;
		};
/* End XCConfigurationList section */
	};
	rootObject = A1571A6A1C2B359200922698 /* Project object */;
}
